
Microsoft Visual Studio Solution File, Format Version 12.00
# Visual Studio Version 16
VisualStudioVersion = 16.0.31729.503
MinimumVisualStudioVersion = 10.0.40219.1
Project("{FAE04EC0-301F-11D3-BF4B-00C04F79EFBC}") = "CRUD.MongoDB", "CRUD.MongoDB\CRUD.MongoDB.csproj", "{3E7F5299-F050-422E-AAA9-C412DDEEBD09}"
EndProject
Global
	GlobalSection(SolutionConfigurationPlatforms) = preSolution
		Debug|Any CPU = Debug|Any CPU
		Release|Any CPU = Release|Any CPU
	EndGlobalSection
	GlobalSection(ProjectConfigurationPlatforms) = postSolution
		{3E7F5299-F050-422E-AAA9-C412DDEEBD09}.Debug|Any CPU.ActiveCfg = Debug|Any CPU
		{3E7F5299-F050-422E-AAA9-C412DDEEBD09}.Debug|Any CPU.Build.0 = Debug|Any CPU
		{3E7F5299-F050-422E-AAA9-C412DDEEBD09}.Release|Any CPU.ActiveCfg = Release|Any CPU
		{3E7F5299-F050-422E-AAA9-C412DDEEBD09}.Release|Any CPU.Build.0 = Release|Any CPU
	EndGlobalSection
	GlobalSection(SolutionProperties) = preSolution
		HideSolutionNode = FALSE
	EndGlobalSection
	GlobalSection(ExtensibilityGlobals) = postSolution
		SolutionGuid = {E241BAD3-5926-476B-867F-B7EE183CA57E}
	EndGlobalSection
EndGlobal
